
Microsoft Visual Studio Solution File, Format Version 12.00
# Visual Studio 15
VisualStudioVersion = 15.0.28307.102
MinimumVisualStudioVersion = 10.0.40219.1
Project("{FAE04EC0-301F-11D3-BF4B-00C04F79EFBC}") = "KraftHeinzUI", "KraftHeinzUI\KraftHeinzUI.csproj", "{2B795F70-3984-48C0-8F37-4924E6328BD7}"
EndProject
Global
	GlobalSection(SolutionConfigurationPlatforms) = preSolution
		Debug|Any CPU = Debug|Any CPU
		Release|Any CPU = Release|Any CPU
	EndGlobalSection
	GlobalSection(ProjectConfigurationPlatforms) = postSolution
		{2B795F70-3984-48C0-8F37-4924E6328BD7}.Debug|Any CPU.ActiveCfg = Debug|Any CPU
		{2B795F70-3984-48C0-8F37-4924E6328BD7}.Debug|Any CPU.Build.0 = Debug|Any CPU
		{2B795F70-3984-48C0-8F37-4924E6328BD7}.Release|Any CPU.ActiveCfg = Release|Any CPU
		{2B795F70-3984-48C0-8F37-4924E6328BD7}.Release|Any CPU.Build.0 = Release|Any CPU
	EndGlobalSection
	GlobalSection(SolutionProperties) = preSolution
		HideSolutionNode = FALSE
	EndGlobalSection
	GlobalSection(ExtensibilityGlobals) = postSolution
		SolutionGuid = {3F31A618-3E1C-4407-A70A-055B0C649889}
	EndGlobalSection
EndGlobal
